
Microsoft Visual Studio Solution File, Format Version 12.00
# Visual Studio Version 17
VisualStudioVersion = 17.5.33502.453
MinimumVisualStudioVersion = 10.0.40219.1
Project("{FAE04EC0-301F-11D3-BF4B-00C04F79EFBC}") = "CRUDMVC", "CRUDMVC\CRUDMVC.csproj", "{DE64E854-A26B-4E89-A5F6-9AD1E946E671}"
EndProject
Global
	GlobalSection(SolutionConfigurationPlatforms) = preSolution
		Debug|Any CPU = Debug|Any CPU
		Release|Any CPU = Release|Any CPU
	EndGlobalSection
	GlobalSection(ProjectConfigurationPlatforms) = postSolution
		{DE64E854-A26B-4E89-A5F6-9AD1E946E671}.Debug|Any CPU.ActiveCfg = Debug|Any CPU
		{DE64E854-A26B-4E89-A5F6-9AD1E946E671}.Debug|Any CPU.Build.0 = Debug|Any CPU
		{DE64E854-A26B-4E89-A5F6-9AD1E946E671}.Release|Any CPU.ActiveCfg = Release|Any CPU
		{DE64E854-A26B-4E89-A5F6-9AD1E946E671}.Release|Any CPU.Build.0 = Release|Any CPU
	EndGlobalSection
	GlobalSection(SolutionProperties) = preSolution
		HideSolutionNode = FALSE
	EndGlobalSection
	GlobalSection(ExtensibilityGlobals) = postSolution
		SolutionGuid = {F473737E-1AD0-4914-863C-88635E89220A}
	EndGlobalSection
EndGlobal
